
Microsoft Visual Studio Solution File, Format Version 12.00
# Visual Studio Version 16
VisualStudioVersion = 16.0.31911.196
MinimumVisualStudioVersion = 10.0.40219.1
Project("{FAE04EC0-301F-11D3-BF4B-00C04F79EFBC}") = "Module3HW2", "Module3HW2\Module3HW2.csproj", "{5DE6381D-EF16-4BBB-9355-023199FF2561}"
EndProject
Global
	GlobalSection(SolutionConfigurationPlatforms) = preSolution
		Debug|Any CPU = Debug|Any CPU
		Release|Any CPU = Release|Any CPU
	EndGlobalSection
	GlobalSection(ProjectConfigurationPlatforms) = postSolution
		{5DE6381D-EF16-4BBB-9355-023199FF2561}.Debug|Any CPU.ActiveCfg = Debug|Any CPU
		{5DE6381D-EF16-4BBB-9355-023199FF2561}.Debug|Any CPU.Build.0 = Debug|Any CPU
		{5DE6381D-EF16-4BBB-9355-023199FF2561}.Release|Any CPU.ActiveCfg = Release|Any CPU
		{5DE6381D-EF16-4BBB-9355-023199FF2561}.Release|Any CPU.Build.0 = Release|Any CPU
	EndGlobalSection
	GlobalSection(SolutionProperties) = preSolution
		HideSolutionNode = FALSE
	EndGlobalSection
	GlobalSection(ExtensibilityGlobals) = postSolution
		SolutionGuid = {1FE106A7-05E7-4D96-909B-E3B146A6442D}
	EndGlobalSection
EndGlobal
